PODS:
  - SocketRocket (0.5.1)
  - WeexSDK (0.15.0):
    - SocketRocket

DEPENDENCIES:
  - WeexSDK

SPEC CHECKSUMS:
  SocketRocket: d57c7159b83c3c6655745cd15302aa24b6bae531
  WeexSDK: 4ea01dee23ca37758724d19915a7d122ed1f0e6c

PODFILE CHECKSUM: c50f22f079131dc157b730ef6dcb0ec7e7d2e6e8

COCOAPODS: 1.2.1
