PODS:
  - ATSDK-Weex (0.0.1)
  - SDWebImage (3.7.5):
    - SDWebImage/Core (= 3.7.5)
  - SDWebImage/Core (3.7.5)
  - SocketRocket (0.4.2)
  - WeexSDK (0.8.0):
    - SocketRocket
  - WXDevtool (0.7.0):
    - ATSDK-Weex
    - WeexSDK

DEPENDENCIES:
  - SDWebImage (= 3.7.5)
  - SocketRocket (= 0.4.2)
  - WeexSDK (= 0.8.0)
  - WXDevtool (from `../WXDevtool/`)

EXTERNAL SOURCES:
  WXDevtool:
    :path: ../WXDevtool/

SPEC CHECKSUMS:
  ATSDK-Weex: 1b27558f4336d77fb97704d34fc6ad1fd468592c
  SDWebImage: 69c6303e3348fba97e03f65d65d4fbc26740f461
  SocketRocket: ffe08119b00ef982f6c37052a4705a057c8494ad
  WeexSDK: 45d845987fc2165405abbf7f78131958a2c48757
  WXDevtool: 60442f3a0e0902fe116230693e7fcf9a5191d72e

COCOAPODS: 0.39.0
