PODS:
  - ATSDK-Weex (0.0.1)
  - SDWebImage (3.7.5):
    - SDWebImage/Core (= 3.7.5)
  - SDWebImage/Core (3.7.5)
  - SocketRocket (0.4.2)
  - WeexSDK (0.18.0)
  - WXDevtool (0.16.0):
    - WeexSDK

DEPENDENCIES:
  - ATSDK-Weex (= 0.0.1)
  - SDWebImage (= 3.7.5)
  - SocketRocket (= 0.4.2)
  - WeexSDK (from `../../../incubator-weex/`)
  - WXDevtool (from `../sdk/`)

SPEC REPOS:
  https://github.com/cocoapods/specs.git:
    - ATSDK-Weex
    - SDWebImage
    - SocketRocket

EXTERNAL SOURCES:
  WeexSDK:
    :path: "../../../incubator-weex/"
  WXDevtool:
    :path: "../sdk/"

SPEC CHECKSUMS:
  ATSDK-Weex: 1b27558f4336d77fb97704d34fc6ad1fd468592c
  SDWebImage: 69c6303e3348fba97e03f65d65d4fbc26740f461
  SocketRocket: ffe08119b00ef982f6c37052a4705a057c8494ad
  WeexSDK: cad48698209a2d40bc7bfa21b718dfc81a6ae559
  WXDevtool: a7b8f80d53fc5a67767928a61f8b209cd1ed4c9c

PODFILE CHECKSUM: 5c9e66c5d50276d4423059544b9ca19cfc035d97

COCOAPODS: 1.5.3
